{
  "lockfileVersion": 1,
  "configVersion": 0,
  "workspaces": {
    "": {
      "name": "vinyan",
      "devDependencies": {
        "@types/jest": "^29.0.0",
        "@types/mocha": "^10.0.0",
        "@types/node": "^20.0.0",
        "@types/vscode": "^1.85.0",
        "esbuild": "^0.20.0",
        "typescript": "^5.4.0",
      },
    },
  },
  "packages": {
    "@babel/code-frame": ["@babel/code-frame@7.29.0", "https://artifactory.kasikornbank.com:8443/artifactory/api/npm/npm/@babel/code-frame/-/code-frame-7.29.0.tgz", { "dependencies": { "@babel/helper-validator-identifier": "^7.28.5", "js-tokens": "^4.0.0", "picocolors": "^1.1.1" } }, "sha512-9NhCeYjq9+3uxgdtp20LSiJXJvN0FeCtNGpJxuMFZ1Kv3cWUNb6DOhJwUvcVCzKGR66cw4njwM6hrJLqgOwbcw=="],

    "@babel/helper-validator-identifier": ["@babel/helper-validator-identifier@7.28.5", "https://artifactory.kasikornbank.com:8443/artifactory/api/npm/npm/@babel/helper-validator-identifier/-/helper-validator-identifier-7.28.5.tgz", {}, "sha512-qSs4ifwzKJSV39ucNjsvc6WVHs6b7S03sOh2OcHF9UHfVPqWWALUsNUVzhSBiItjRZoLHx7nIarVjqKVusUZ1Q=="],

    "@esbuild/aix-ppc64": ["@esbuild/aix-ppc64@0.20.2", "https://artifactory.kasikornbank.com:8443/artifactory/api/npm/npm/@esbuild/aix-ppc64/-/aix-ppc64-0.20.2.tgz", { "os": "aix", "cpu": "ppc64" }, "sha512-D+EBOJHXdNZcLJRBkhENNG8Wji2kgc9AZ9KiPr1JuZjsNtyHzrsfLRrY0tk2H2aoFu6RANO1y1iPPUCDYWkb5g=="],

    "@esbuild/android-arm": ["@esbuild/android-arm@0.20.2", "https://artifactory.kasikornbank.com:8443/artifactory/api/npm/npm/@esbuild/android-arm/-/android-arm-0.20.2.tgz", { "os": "android", "cpu": "arm" }, "sha512-t98Ra6pw2VaDhqNWO2Oph2LXbz/EJcnLmKLGBJwEwXX/JAN83Fym1rU8l0JUWK6HkIbWONCSSatf4sf2NBRx/w=="],

    "@esbuild/android-arm64": ["@esbuild/android-arm64@0.20.2", "https://artifactory.kasikornbank.com:8443/artifactory/api/npm/npm/@esbuild/android-arm64/-/android-arm64-0.20.2.tgz", { "os": "android", "cpu": "arm64" }, "sha512-mRzjLacRtl/tWU0SvD8lUEwb61yP9cqQo6noDZP/O8VkwafSYwZ4yWy24kan8jE/IMERpYncRt2dw438LP3Xmg=="],

    "@esbuild/android-x64": ["@esbuild/android-x64@0.20.2", "https://artifactory.kasikornbank.com:8443/artifactory/api/npm/npm/@esbuild/android-x64/-/android-x64-0.20.2.tgz", { "os": "android", "cpu": "x64" }, "sha512-btzExgV+/lMGDDa194CcUQm53ncxzeBrWJcncOBxuC6ndBkKxnHdFJn86mCIgTELsooUmwUm9FkhSp5HYu00Rg=="],

    "@esbuild/darwin-arm64": ["@esbuild/darwin-arm64@0.20.2", "https://artifactory.kasikornbank.com:8443/artifactory/api/npm/npm/@esbuild/darwin-arm64/-/darwin-arm64-0.20.2.tgz", { "os": "darwin", "cpu": "arm64" }, "sha512-4J6IRT+10J3aJH3l1yzEg9y3wkTDgDk7TSDFX+wKFiWjqWp/iCfLIYzGyasx9l0SAFPT1HwSCR+0w/h1ES/MjA=="],

    "@esbuild/darwin-x64": ["@esbuild/darwin-x64@0.20.2", "https://artifactory.kasikornbank.com:8443/artifactory/api/npm/npm/@esbuild/darwin-x64/-/darwin-x64-0.20.2.tgz", { "os": "darwin", "cpu": "x64" }, "sha512-tBcXp9KNphnNH0dfhv8KYkZhjc+H3XBkF5DKtswJblV7KlT9EI2+jeA8DgBjp908WEuYll6pF+UStUCfEpdysA=="],

    "@esbuild/freebsd-arm64": ["@esbuild/freebsd-arm64@0.20.2", "https://artifactory.kasikornbank.com:8443/artifactory/api/npm/npm/@esbuild/freebsd-arm64/-/freebsd-arm64-0.20.2.tgz", { "os": "freebsd", "cpu": "arm64" }, "sha512-d3qI41G4SuLiCGCFGUrKsSeTXyWG6yem1KcGZVS+3FYlYhtNoNgYrWcvkOoaqMhwXSMrZRl69ArHsGJ9mYdbbw=="],

    "@esbuild/freebsd-x64": ["@esbuild/freebsd-x64@0.20.2", "https://artifactory.kasikornbank.com:8443/artifactory/api/npm/npm/@esbuild/freebsd-x64/-/freebsd-x64-0.20.2.tgz", { "os": "freebsd", "cpu": "x64" }, "sha512-d+DipyvHRuqEeM5zDivKV1KuXn9WeRX6vqSqIDgwIfPQtwMP4jaDsQsDncjTDDsExT4lR/91OLjRo8bmC1e+Cw=="],

    "@esbuild/linux-arm": ["@esbuild/linux-arm@0.20.2", "https://artifactory.kasikornbank.com:8443/artifactory/api/npm/npm/@esbuild/linux-arm/-/linux-arm-0.20.2.tgz", { "os": "linux", "cpu": "arm" }, "sha512-VhLPeR8HTMPccbuWWcEUD1Az68TqaTYyj6nfE4QByZIQEQVWBB8vup8PpR7y1QHL3CpcF6xd5WVBU/+SBEvGTg=="],

    "@esbuild/linux-arm64": ["@esbuild/linux-arm64@0.20.2", "https://artifactory.kasikornbank.com:8443/artifactory/api/npm/npm/@esbuild/linux-arm64/-/linux-arm64-0.20.2.tgz", { "os": "linux", "cpu": "arm64" }, "sha512-9pb6rBjGvTFNira2FLIWqDk/uaf42sSyLE8j1rnUpuzsODBq7FvpwHYZxQ/It/8b+QOS1RYfqgGFNLRI+qlq2A=="],

    "@esbuild/linux-ia32": ["@esbuild/linux-ia32@0.20.2", "https://artifactory.kasikornbank.com:8443/artifactory/api/npm/npm/@esbuild/linux-ia32/-/linux-ia32-0.20.2.tgz", { "os": "linux", "cpu": "ia32" }, "sha512-o10utieEkNPFDZFQm9CoP7Tvb33UutoJqg3qKf1PWVeeJhJw0Q347PxMvBgVVFgouYLGIhFYG0UGdBumROyiig=="],

    "@esbuild/linux-loong64": ["@esbuild/linux-loong64@0.20.2", "https://artifactory.kasikornbank.com:8443/artifactory/api/npm/npm/@esbuild/linux-loong64/-/linux-loong64-0.20.2.tgz", { "os": "linux", "cpu": "none" }, "sha512-PR7sp6R/UC4CFVomVINKJ80pMFlfDfMQMYynX7t1tNTeivQ6XdX5r2XovMmha/VjR1YN/HgHWsVcTRIMkymrgQ=="],

    "@esbuild/linux-mips64el": ["@esbuild/linux-mips64el@0.20.2", "https://artifactory.kasikornbank.com:8443/artifactory/api/npm/npm/@esbuild/linux-mips64el/-/linux-mips64el-0.20.2.tgz", { "os": "linux", "cpu": "none" }, "sha512-4BlTqeutE/KnOiTG5Y6Sb/Hw6hsBOZapOVF6njAESHInhlQAghVVZL1ZpIctBOoTFbQyGW+LsVYZ8lSSB3wkjA=="],

    "@esbuild/linux-ppc64": ["@esbuild/linux-ppc64@0.20.2", "https://artifactory.kasikornbank.com:8443/artifactory/api/npm/npm/@esbuild/linux-ppc64/-/linux-ppc64-0.20.2.tgz", { "os": "linux", "cpu": "ppc64" }, "sha512-rD3KsaDprDcfajSKdn25ooz5J5/fWBylaaXkuotBDGnMnDP1Uv5DLAN/45qfnf3JDYyJv/ytGHQaziHUdyzaAg=="],

    "@esbuild/linux-riscv64": ["@esbuild/linux-riscv64@0.20.2", "https://artifactory.kasikornbank.com:8443/artifactory/api/npm/npm/@esbuild/linux-riscv64/-/linux-riscv64-0.20.2.tgz", { "os": "linux", "cpu": "none" }, "sha512-snwmBKacKmwTMmhLlz/3aH1Q9T8v45bKYGE3j26TsaOVtjIag4wLfWSiZykXzXuE1kbCE+zJRmwp+ZbIHinnVg=="],

    "@esbuild/linux-s390x": ["@esbuild/linux-s390x@0.20.2", "https://artifactory.kasikornbank.com:8443/artifactory/api/npm/npm/@esbuild/linux-s390x/-/linux-s390x-0.20.2.tgz", { "os": "linux", "cpu": "s390x" }, "sha512-wcWISOobRWNm3cezm5HOZcYz1sKoHLd8VL1dl309DiixxVFoFe/o8HnwuIwn6sXre88Nwj+VwZUvJf4AFxkyrQ=="],

    "@esbuild/linux-x64": ["@esbuild/linux-x64@0.20.2", "https://artifactory.kasikornbank.com:8443/artifactory/api/npm/npm/@esbuild/linux-x64/-/linux-x64-0.20.2.tgz", { "os": "linux", "cpu": "x64" }, "sha512-1MdwI6OOTsfQfek8sLwgyjOXAu+wKhLEoaOLTjbijk6E2WONYpH9ZU2mNtR+lZ2B4uwr+usqGuVfFT9tMtGvGw=="],

    "@esbuild/netbsd-x64": ["@esbuild/netbsd-x64@0.20.2", "https://artifactory.kasikornbank.com:8443/artifactory/api/npm/npm/@esbuild/netbsd-x64/-/netbsd-x64-0.20.2.tgz", { "os": "none", "cpu": "x64" }, "sha512-K8/DhBxcVQkzYc43yJXDSyjlFeHQJBiowJ0uVL6Tor3jGQfSGHNNJcWxNbOI8v5k82prYqzPuwkzHt3J1T1iZQ=="],

    "@esbuild/openbsd-x64": ["@esbuild/openbsd-x64@0.20.2", "https://artifactory.kasikornbank.com:8443/artifactory/api/npm/npm/@esbuild/openbsd-x64/-/openbsd-x64-0.20.2.tgz", { "os": "openbsd", "cpu": "x64" }, "sha512-eMpKlV0SThJmmJgiVyN9jTPJ2VBPquf6Kt/nAoo6DgHAoN57K15ZghiHaMvqjCye/uU4X5u3YSMgVBI1h3vKrQ=="],

    "@esbuild/sunos-x64": ["@esbuild/sunos-x64@0.20.2", "https://artifactory.kasikornbank.com:8443/artifactory/api/npm/npm/@esbuild/sunos-x64/-/sunos-x64-0.20.2.tgz", { "os": "sunos", "cpu": "x64" }, "sha512-2UyFtRC6cXLyejf/YEld4Hajo7UHILetzE1vsRcGL3earZEW77JxrFjH4Ez2qaTiEfMgAXxfAZCm1fvM/G/o8w=="],

    "@esbuild/win32-arm64": ["@esbuild/win32-arm64@0.20.2", "https://artifactory.kasikornbank.com:8443/artifactory/api/npm/npm/@esbuild/win32-arm64/-/win32-arm64-0.20.2.tgz", { "os": "win32", "cpu": "arm64" }, "sha512-GRibxoawM9ZCnDxnP3usoUDO9vUkpAxIIZ6GQI+IlVmr5kP3zUq+l17xELTHMWTWzjxa2guPNyrpq1GWmPvcGQ=="],

    "@esbuild/win32-ia32": ["@esbuild/win32-ia32@0.20.2", "https://artifactory.kasikornbank.com:8443/artifactory/api/npm/npm/@esbuild/win32-ia32/-/win32-ia32-0.20.2.tgz", { "os": "win32", "cpu": "ia32" }, "sha512-HfLOfn9YWmkSKRQqovpnITazdtquEW8/SoHW7pWpuEeguaZI4QnCRW6b+oZTztdBnZOS2hqJ6im/D5cPzBTTlQ=="],

    "@esbuild/win32-x64": ["@esbuild/win32-x64@0.20.2", "https://artifactory.kasikornbank.com:8443/artifactory/api/npm/npm/@esbuild/win32-x64/-/win32-x64-0.20.2.tgz", { "os": "win32", "cpu": "x64" }, "sha512-N49X4lJX27+l9jbLKSqZ6bKNjzQvHaT8IIFUy+YIqmXQdjYCToGWwOItDrfby14c78aDd5NHQl29xingXfCdLQ=="],

    "@jest/expect-utils": ["@jest/expect-utils@29.7.0", "https://artifactory.kasikornbank.com:8443/artifactory/api/npm/npm/@jest/expect-utils/-/expect-utils-29.7.0.tgz", { "dependencies": { "jest-get-type": "^29.6.3" } }, "sha512-GlsNBWiFQFCVi9QVSx7f5AgMeLxe9YCCs5PuP2O2LdjDAA8Jh9eX7lA1Jq/xdXw3Wb3hyvlFNfZIfcRetSzYcA=="],

    "@jest/schemas": ["@jest/schemas@29.6.3", "https://artifactory.kasikornbank.com:8443/artifactory/api/npm/npm/@jest/schemas/-/schemas-29.6.3.tgz", { "dependencies": { "@sinclair/typebox": "^0.27.8" } }, "sha512-mo5j5X+jIZmJQveBKeS/clAueipV7KgiX1vMgCxam1RNYiqE1w62n0/tJJnHtjW8ZHcQco5gY85jA3mi0L+nSA=="],

    "@jest/types": ["@jest/types@29.6.3", "https://artifactory.kasikornbank.com:8443/artifactory/api/npm/npm/@jest/types/-/types-29.6.3.tgz", { "dependencies": { "@jest/schemas": "^29.6.3", "@types/istanbul-lib-coverage": "^2.0.0", "@types/istanbul-reports": "^3.0.0", "@types/node": "*", "@types/yargs": "^17.0.8", "chalk": "^4.0.0" } }, "sha512-u3UPsIilWKOM3F9CXtrG8LEJmNxwoCQC/XVj4IKYXvvpx7QIi/Kg1LI5uDmDpKlac62NUtX7eLjRh+jVZcLOzw=="],

    "@sinclair/typebox": ["@sinclair/typebox@0.27.10", "https://artifactory.kasikornbank.com:8443/artifactory/api/npm/npm/@sinclair/typebox/-/typebox-0.27.10.tgz", {}, "sha512-MTBk/3jGLNB2tVxv6uLlFh1iu64iYOQ2PbdOSK3NW8JZsmlaOh2q6sdtKowBhfw8QFLmYNzTW4/oK4uATIi6ZA=="],

    "@types/istanbul-lib-coverage": ["@types/istanbul-lib-coverage@2.0.6", "https://artifactory.kasikornbank.com:8443/artifactory/api/npm/npm/@types/istanbul-lib-coverage/-/istanbul-lib-coverage-2.0.6.tgz", {}, "sha512-2QF/t/auWm0lsy8XtKVPG19v3sSOQlJe/YHZgfjb/KBBHOGSV+J2q/S671rcq9uTBrLAXmZpqJiaQbMT+zNU1w=="],

    "@types/istanbul-lib-report": ["@types/istanbul-lib-report@3.0.3", "https://artifactory.kasikornbank.com:8443/artifactory/api/npm/npm/@types/istanbul-lib-report/-/istanbul-lib-report-3.0.3.tgz", { "dependencies": { "@types/istanbul-lib-coverage": "*" } }, "sha512-NQn7AHQnk/RSLOxrBbGyJM/aVQ+pjj5HCgasFxc0K/KhoATfQ/47AyUl15I2yBUpihjmas+a+VJBOqecrFH+uA=="],

    "@types/istanbul-reports": ["@types/istanbul-reports@3.0.4", "https://artifactory.kasikornbank.com:8443/artifactory/api/npm/npm/@types/istanbul-reports/-/istanbul-reports-3.0.4.tgz", { "dependencies": { "@types/istanbul-lib-report": "*" } }, "sha512-pk2B1NWalF9toCRu6gjBzR69syFjP4Od8WRAX+0mmf9lAjCRicLOWc+ZrxZHx/0XRjotgkF9t6iaMJ+aXcOdZQ=="],

    "@types/jest": ["@types/jest@29.5.14", "https://artifactory.kasikornbank.com:8443/artifactory/api/npm/npm/@types/jest/-/jest-29.5.14.tgz", { "dependencies": { "expect": "^29.0.0", "pretty-format": "^29.0.0" } }, "sha512-ZN+4sdnLUbo8EVvVc2ao0GFW6oVrQRPn4K2lglySj7APvSrgzxHiNNK99us4WDMi57xxA2yggblIAMNhXOotLQ=="],

    "@types/mocha": ["@types/mocha@10.0.10", "https://artifactory.kasikornbank.com:8443/artifactory/api/npm/npm/@types/mocha/-/mocha-10.0.10.tgz", {}, "sha512-xPyYSz1cMPnJQhl0CLMH68j3gprKZaTjG3s5Vi+fDgx+uhG9NOXwbVt52eFS8ECyXhyKcjDLCBEqBExKuiZb7Q=="],

    "@types/node": ["@types/node@20.19.37", "https://artifactory.kasikornbank.com:8443/artifactory/api/npm/npm/@types/node/-/node-20.19.37.tgz", { "dependencies": { "undici-types": "~6.21.0" } }, "sha512-8kzdPJ3FsNsVIurqBs7oodNnCEVbni9yUEkaHbgptDACOPW04jimGagZ51E6+lXUwJjgnBw+hyko/lkFWCldqw=="],

    "@types/stack-utils": ["@types/stack-utils@2.0.3", "https://artifactory.kasikornbank.com:8443/artifactory/api/npm/npm/@types/stack-utils/-/stack-utils-2.0.3.tgz", {}, "sha512-9aEbYZ3TbYMznPdcdr3SmIrLXwC/AKZXQeCf9Pgao5CKb8CyHuEX5jzWPTkvregvhRJHcpRO6BFoGW9ycaOkYw=="],

    "@types/vscode": ["@types/vscode@1.110.0", "https://artifactory.kasikornbank.com:8443/artifactory/api/npm/npm/@types/vscode/-/vscode-1.110.0.tgz", {}, "sha512-AGuxUEpU4F4mfuQjxPPaQVyuOMhs+VT/xRok1jiHVBubHK7lBRvCuOMZG0LKUwxncrPorJ5qq/uil3IdZBd5lA=="],

    "@types/yargs": ["@types/yargs@17.0.35", "https://artifactory.kasikornbank.com:8443/artifactory/api/npm/npm/@types/yargs/-/yargs-17.0.35.tgz", { "dependencies": { "@types/yargs-parser": "*" } }, "sha512-qUHkeCyQFxMXg79wQfTtfndEC+N9ZZg76HJftDJp+qH2tV7Gj4OJi7l+PiWwJ+pWtW8GwSmqsDj/oymhrTWXjg=="],

    "@types/yargs-parser": ["@types/yargs-parser@21.0.3", "https://artifactory.kasikornbank.com:8443/artifactory/api/npm/npm/@types/yargs-parser/-/yargs-parser-21.0.3.tgz", {}, "sha512-I4q9QU9MQv4oEOz4tAHJtNz1cwuLxn2F3xcc2iV5WdqLPpUnj30aUuxt1mAxYTG+oe8CZMV/+6rU4S4gRDzqtQ=="],

    "ansi-styles": ["ansi-styles@5.2.0", "https://artifactory.kasikornbank.com:8443/artifactory/api/npm/npm/ansi-styles/-/ansi-styles-5.2.0.tgz", {}, "sha512-Cxwpt2SfTzTtXcfOlzGEee8O+c+MmUgGrNiBcXnuWxuFJHe6a5Hz7qwhwe5OgaSYI0IJvkLqWX1ASG+cJOkEiA=="],

    "braces": ["braces@3.0.3", "https://artifactory.kasikornbank.com:8443/artifactory/api/npm/npm/braces/-/braces-3.0.3.tgz", { "dependencies": { "fill-range": "^7.1.1" } }, "sha512-yQbXgO/OSZVD2IsiLlro+7Hf6Q18EJrKSEsdoMzKePKXct3gvD8oLcOQdIzGupr5Fj+EDe8gO/lxc1BzfMpxvA=="],

    "chalk": ["chalk@4.1.2", "https://artifactory.kasikornbank.com:8443/artifactory/api/npm/npm/chalk/-/chalk-4.1.2.tgz", { "dependencies": { "ansi-styles": "^4.1.0", "supports-color": "^7.1.0" } }, "sha512-oKnbhFyRIXpUuez8iBMmyEa4nbj4IOQyuhc/wy9kY7/WVPcwIO9VA668Pu8RkO7+0G76SLROeyw9CpQ061i4mA=="],

    "ci-info": ["ci-info@3.9.0", "https://artifactory.kasikornbank.com:8443/artifactory/api/npm/npm/ci-info/-/ci-info-3.9.0.tgz", {}, "sha512-NIxF55hv4nSqQswkAeiOi1r83xy8JldOFDTWiug55KBu9Jnblncd2U6ViHmYgHf01TPZS77NJBhBMKdWj9HQMQ=="],

    "color-convert": ["color-convert@2.0.1", "https://artifactory.kasikornbank.com:8443/artifactory/api/npm/npm/color-convert/-/color-convert-2.0.1.tgz", { "dependencies": { "color-name": "~1.1.4" } }, "sha512-RRECPsj7iu/xb5oKYcsFHSppFNnsj/52OVTRKb4zP5onXwVF3zVmmToNcOfGC+CRDpfK/U584fMg38ZHCaElKQ=="],

    "color-name": ["color-name@1.1.4", "https://artifactory.kasikornbank.com:8443/artifactory/api/npm/npm/color-name/-/color-name-1.1.4.tgz", {}, "sha512-dOy+3AuW3a2wNbZHIuMZpTcgjGuLU/uBL/ubcZF9OXbDo8ff4O8yVp5Bf0efS8uEoYo5q4Fx7dY9OgQGXgAsQA=="],

    "diff-sequences": ["diff-sequences@29.6.3", "https://artifactory.kasikornbank.com:8443/artifactory/api/npm/npm/diff-sequences/-/diff-sequences-29.6.3.tgz", {}, "sha512-EjePK1srD3P08o2j4f0ExnylqRs5B9tJjcp9t1krH2qRi8CCdsYfwe9JgSLurFBWwq4uOlipzfk5fHNvwFKr8Q=="],

    "esbuild": ["esbuild@0.20.2", "https://artifactory.kasikornbank.com:8443/artifactory/api/npm/npm/esbuild/-/esbuild-0.20.2.tgz", { "optionalDependencies": { "@esbuild/aix-ppc64": "0.20.2", "@esbuild/android-arm": "0.20.2", "@esbuild/android-arm64": "0.20.2", "@esbuild/android-x64": "0.20.2", "@esbuild/darwin-arm64": "0.20.2", "@esbuild/darwin-x64": "0.20.2", "@esbuild/freebsd-arm64": "0.20.2", "@esbuild/freebsd-x64": "0.20.2", "@esbuild/linux-arm": "0.20.2", "@esbuild/linux-arm64": "0.20.2", "@esbuild/linux-ia32": "0.20.2", "@esbuild/linux-loong64": "0.20.2", "@esbuild/linux-mips64el": "0.20.2", "@esbuild/linux-ppc64": "0.20.2", "@esbuild/linux-riscv64": "0.20.2", "@esbuild/linux-s390x": "0.20.2", "@esbuild/linux-x64": "0.20.2", "@esbuild/netbsd-x64": "0.20.2", "@esbuild/openbsd-x64": "0.20.2", "@esbuild/sunos-x64": "0.20.2", "@esbuild/win32-arm64": "0.20.2", "@esbuild/win32-ia32": "0.20.2", "@esbuild/win32-x64": "0.20.2" }, "bin": "bin/esbuild" }, "sha512-WdOOppmUNU+IbZ0PaDiTst80zjnrOkyJNHoKupIcVyU8Lvla3Ugx94VzkQ32Ijqd7UhHJy75gNWDMUekcrSJ6g=="],

    "escape-string-regexp": ["escape-string-regexp@2.0.0", "https://artifactory.kasikornbank.com:8443/artifactory/api/npm/npm/escape-string-regexp/-/escape-string-regexp-2.0.0.tgz", {}, "sha512-UpzcLCXolUWcNu5HtVMHYdXJjArjsF9C0aNnquZYY4uW/Vu0miy5YoWvbV345HauVvcAUnpRuhMMcqTcGOY2+w=="],

    "expect": ["expect@29.7.0", "https://artifactory.kasikornbank.com:8443/artifactory/api/npm/npm/expect/-/expect-29.7.0.tgz", { "dependencies": { "@jest/expect-utils": "^29.7.0", "jest-get-type": "^29.6.3", "jest-matcher-utils": "^29.7.0", "jest-message-util": "^29.7.0", "jest-util": "^29.7.0" } }, "sha512-2Zks0hf1VLFYI1kbh0I5jP3KHHyCHpkfyHBzsSXRFgl/Bg9mWYfMW8oD+PdMPlEwy5HNsR9JutYy6pMeOh61nw=="],

    "fill-range": ["fill-range@7.1.1", "https://artifactory.kasikornbank.com:8443/artifactory/api/npm/npm/fill-range/-/fill-range-7.1.1.tgz", { "dependencies": { "to-regex-range": "^5.0.1" } }, "sha512-YsGpe3WHLK8ZYi4tWDg2Jy3ebRz2rXowDxnld4bkQB00cc/1Zw9AWnC0i9ztDJitivtQvaI9KaLyKrc+hBW0yg=="],

    "graceful-fs": ["graceful-fs@4.2.11", "https://artifactory.kasikornbank.com:8443/artifactory/api/npm/npm/graceful-fs/-/graceful-fs-4.2.11.tgz", {}, "sha512-RbJ5/jmFcNNCcDV5o9eTnBLJ/HszWV0P73bc+Ff4nS/rJj+YaS6IGyiOL0VoBYX+l1Wrl3k63h/KrH+nhJ0XvQ=="],

    "has-flag": ["has-flag@4.0.0", "https://artifactory.kasikornbank.com:8443/artifactory/api/npm/npm/has-flag/-/has-flag-4.0.0.tgz", {}, "sha512-EykJT/Q1KjTWctppgIAgfSO0tKVuZUjhgMr17kqTumMl6Afv3EISleU7qZUzoXDFTAHTDC4NOoG/ZxU3EvlMPQ=="],

    "is-number": ["is-number@7.0.0", "https://artifactory.kasikornbank.com:8443/artifactory/api/npm/npm/is-number/-/is-number-7.0.0.tgz", {}, "sha512-41Cifkg6e8TylSpdtTpeLVMqvSBEVzTttHvERD741+pnZ8ANv0004MRL43QKPDlK9cGvNp6NZWZUBlbGXYxxng=="],

    "jest-diff": ["jest-diff@29.7.0", "https://artifactory.kasikornbank.com:8443/artifactory/api/npm/npm/jest-diff/-/jest-diff-29.7.0.tgz", { "dependencies": { "chalk": "^4.0.0", "diff-sequences": "^29.6.3", "jest-get-type": "^29.6.3", "pretty-format": "^29.7.0" } }, "sha512-LMIgiIrhigmPrs03JHpxUh2yISK3vLFPkAodPeo0+BuF7wA2FoQbkEg1u8gBYBThncu7e1oEDUfIXVuTqLRUjw=="],

    "jest-get-type": ["jest-get-type@29.6.3", "https://artifactory.kasikornbank.com:8443/artifactory/api/npm/npm/jest-get-type/-/jest-get-type-29.6.3.tgz", {}, "sha512-zrteXnqYxfQh7l5FHyL38jL39di8H8rHoecLH3JNxH3BwOrBsNeabdap5e0I23lD4HHI8W5VFBZqG4Eaq5LNcw=="],

    "jest-matcher-utils": ["jest-matcher-utils@29.7.0", "https://artifactory.kasikornbank.com:8443/artifactory/api/npm/npm/jest-matcher-utils/-/jest-matcher-utils-29.7.0.tgz", { "dependencies": { "chalk": "^4.0.0", "jest-diff": "^29.7.0", "jest-get-type": "^29.6.3", "pretty-format": "^29.7.0" } }, "sha512-sBkD+Xi9DtcChsI3L3u0+N0opgPYnCRPtGcQYrgXmR+hmt/fYfWAL0xRXYU8eWOdfuLgBe0YCW3AFtnRLagq/g=="],

    "jest-message-util": ["jest-message-util@29.7.0", "https://artifactory.kasikornbank.com:8443/artifactory/api/npm/npm/jest-message-util/-/jest-message-util-29.7.0.tgz", { "dependencies": { "@babel/code-frame": "^7.12.13", "@jest/types": "^29.6.3", "@types/stack-utils": "^2.0.0", "chalk": "^4.0.0", "graceful-fs": "^4.2.9", "micromatch": "^4.0.4", "pretty-format": "^29.7.0", "slash": "^3.0.0", "stack-utils": "^2.0.3" } }, "sha512-GBEV4GRADeP+qtB2+6u61stea8mGcOT4mCtrYISZwfu9/ISHFJ/5zOMXYbpBE9RsS5+Gb63DW4FgmnKJ79Kf6w=="],

    "jest-util": ["jest-util@29.7.0", "https://artifactory.kasikornbank.com:8443/artifactory/api/npm/npm/jest-util/-/jest-util-29.7.0.tgz", { "dependencies": { "@jest/types": "^29.6.3", "@types/node": "*", "chalk": "^4.0.0", "ci-info": "^3.2.0", "graceful-fs": "^4.2.9", "picomatch": "^2.2.3" } }, "sha512-z6EbKajIpqGKU56y5KBUgy1dt1ihhQJgWzUlZHArA/+X2ad7Cb5iF+AK1EWVL/Bo7Rz9uurpqw6SiBCefUbCGA=="],

    "js-tokens": ["js-tokens@4.0.0", "https://artifactory.kasikornbank.com:8443/artifactory/api/npm/npm/js-tokens/-/js-tokens-4.0.0.tgz", {}, "sha512-RdJUflcE3cUzKiMqQgsCu06FPu9UdIJO0beYbPhHN4k6apgJtifcoCtT9bcxOpYBtpD2kCM6Sbzg4CausW/PKQ=="],

    "micromatch": ["micromatch@4.0.8", "https://artifactory.kasikornbank.com:8443/artifactory/api/npm/npm/micromatch/-/micromatch-4.0.8.tgz", { "dependencies": { "braces": "^3.0.3", "picomatch": "^2.3.1" } }, "sha512-PXwfBhYu0hBCPw8Dn0E+WDYb7af3dSLVWKi3HGv84IdF4TyFoC0ysxFd0Goxw7nSv4T/PzEJQxsYsEiFCKo2BA=="],

    "picocolors": ["picocolors@1.1.1", "https://artifactory.kasikornbank.com:8443/artifactory/api/npm/npm/picocolors/-/picocolors-1.1.1.tgz", {}, "sha512-xceH2snhtb5M9liqDsmEw56le376mTZkEX/jEb/RxNFyegNul7eNslCXP9FDj/Lcu0X8KEyMceP2ntpaHrDEVA=="],

    "picomatch": ["picomatch@2.3.2", "https://artifactory.kasikornbank.com:8443/artifactory/api/npm/npm/picomatch/-/picomatch-2.3.2.tgz", {}, "sha512-V7+vQEJ06Z+c5tSye8S+nHUfI51xoXIXjHQ99cQtKUkQqqO1kO/KCJUfZXuB47h/YBlDhah2H3hdUGXn8ie0oA=="],

    "pretty-format": ["pretty-format@29.7.0", "https://artifactory.kasikornbank.com:8443/artifactory/api/npm/npm/pretty-format/-/pretty-format-29.7.0.tgz", { "dependencies": { "@jest/schemas": "^29.6.3", "ansi-styles": "^5.0.0", "react-is": "^18.0.0" } }, "sha512-Pdlw/oPxN+aXdmM9R00JVC9WVFoCLTKJvDVLgmJ+qAffBMxsV85l/Lu7sNx4zSzPyoL2euImuEwHhOXdEgNFZQ=="],

    "react-is": ["react-is@18.3.1", "https://artifactory.kasikornbank.com:8443/artifactory/api/npm/npm/react-is/-/react-is-18.3.1.tgz", {}, "sha512-/LLMVyas0ljjAtoYiPqYiL8VWXzUUdThrmU5+n20DZv+a+ClRoevUzw5JxU+Ieh5/c87ytoTBV9G1FiKfNJdmg=="],

    "slash": ["slash@3.0.0", "https://artifactory.kasikornbank.com:8443/artifactory/api/npm/npm/slash/-/slash-3.0.0.tgz", {}, "sha512-g9Q1haeby36OSStwb4ntCGGGaKsaVSjQ68fBxoQcutl5fS1vuY18H3wSt3jFyFtrkx+Kz0V1G85A4MyAdDMi2Q=="],

    "stack-utils": ["stack-utils@2.0.6", "https://artifactory.kasikornbank.com:8443/artifactory/api/npm/npm/stack-utils/-/stack-utils-2.0.6.tgz", { "dependencies": { "escape-string-regexp": "^2.0.0" } }, "sha512-XlkWvfIm6RmsWtNJx+uqtKLS8eqFbxUg0ZzLXqY0caEy9l7hruX8IpiDnjsLavoBgqCCR71TqWO8MaXYheJ3RQ=="],

    "supports-color": ["supports-color@7.2.0", "https://artifactory.kasikornbank.com:8443/artifactory/api/npm/npm/supports-color/-/supports-color-7.2.0.tgz", { "dependencies": { "has-flag": "^4.0.0" } }, "sha512-qpCAvRl9stuOHveKsn7HncJRvv501qIacKzQlO/+Lwxc9+0q2wLyv4Dfvt80/DPn2pqOBsJdDiogXGR9+OvwRw=="],

    "to-regex-range": ["to-regex-range@5.0.1", "https://artifactory.kasikornbank.com:8443/artifactory/api/npm/npm/to-regex-range/-/to-regex-range-5.0.1.tgz", { "dependencies": { "is-number": "^7.0.0" } }, "sha512-65P7iz6X5yEr1cwcgvQxbbIw7Uk3gOy5dIdtZ4rDveLqhrdJP+Li/Hx6tyK0NEb+2GCyneCMJiGqrADCSNk8sQ=="],

    "typescript": ["typescript@5.9.3", "https://artifactory.kasikornbank.com:8443/artifactory/api/npm/npm/typescript/-/typescript-5.9.3.tgz", { "bin": { "tsc": "bin/tsc", "tsserver": "bin/tsserver" } }, "sha512-jl1vZzPDinLr9eUt3J/t7V6FgNEw9QjvBPdysz9KfQDD41fQrC2Y4vKQdiaUpFT4bXlb1RHhLpp8wtm6M5TgSw=="],

    "undici-types": ["undici-types@6.21.0", "https://artifactory.kasikornbank.com:8443/artifactory/api/npm/npm/undici-types/-/undici-types-6.21.0.tgz", {}, "sha512-iwDZqg0QAGrg9Rav5H4n0M64c3mkR59cJ6wQp+7C4nI0gsmExaedaYLNO44eT4AtBBwjbTiGPMlt2Md0T9H9JQ=="],

    "chalk/ansi-styles": ["ansi-styles@4.3.0", "https://artifactory.kasikornbank.com:8443/artifactory/api/npm/npm/ansi-styles/-/ansi-styles-4.3.0.tgz", { "dependencies": { "color-convert": "^2.0.1" } }, "sha512-zbB9rCJAT1rbjiVDb2hqKFHNYLxgtk8NURxZ3IZwD3F6NtxbXZQCnnSi1Lkx+IDohdPlFp222wVALIheZJQSEg=="],
  }
}
